
Microsoft Visual Studio Solution File, Format Version 12.00
# Visual Studio 14
VisualStudioVersion = 14.0.24720.0
MinimumVisualStudioVersion = 10.0.40219.1
Project("{FAE04EC0-301F-11D3-BF4B-00C04F79EFBC}") = "Quartz.Spi.MongoDbJobStore", "src\Quartz.Spi.MongoDbJobStore\Quartz.Spi.MongoDbJobStore.csproj", "{E74E5823-4BC3-4BEC-A2D6-57FD0CF044E8}"
EndProject
Project("{FAE04EC0-301F-11D3-BF4B-00C04F79EFBC}") = "Quartz.Spi.MongoDbJobStore.Tests", "tests\Quartz.Spi.MongoDbJobStore.Tests\Quartz.Spi.MongoDbJobStore.Tests.csproj", "{F7C8DDA0-E08B-4D03-BE83-44CDCF0AEA5A}"
EndProject
Project("{2150E333-8FDC-42A3-9474-1A3956D46DE8}") = "Solution Items", "Solution Items", "{68540D53-C6A8-4D9A-99C9-CD7BD1F04C13}"
	ProjectSection(SolutionItems) = preProject
		README.md = README.md
	EndProjectSection
EndProject
Global
	GlobalSection(SolutionConfigurationPlatforms) = preSolution
		Debug|Any CPU = Debug|Any CPU
		Release|Any CPU = Release|Any CPU
	EndGlobalSection
	GlobalSection(ProjectConfigurationPlatforms) = postSolution
		{E74E5823-4BC3-4BEC-A2D6-57FD0CF044E8}.Debug|Any CPU.ActiveCfg = Debug|Any CPU
		{E74E5823-4BC3-4BEC-A2D6-57FD0CF044E8}.Debug|Any CPU.Build.0 = Debug|Any CPU
		{E74E5823-4BC3-4BEC-A2D6-57FD0CF044E8}.Release|Any CPU.ActiveCfg = Release|Any CPU
		{E74E5823-4BC3-4BEC-A2D6-57FD0CF044E8}.Release|Any CPU.Build.0 = Release|Any CPU
		{F7C8DDA0-E08B-4D03-BE83-44CDCF0AEA5A}.Debug|Any CPU.ActiveCfg = Debug|Any CPU
		{F7C8DDA0-E08B-4D03-BE83-44CDCF0AEA5A}.Debug|Any CPU.Build.0 = Debug|Any CPU
		{F7C8DDA0-E08B-4D03-BE83-44CDCF0AEA5A}.Release|Any CPU.ActiveCfg = Release|Any CPU
		{F7C8DDA0-E08B-4D03-BE83-44CDCF0AEA5A}.Release|Any CPU.Build.0 = Release|Any CPU
	EndGlobalSection
	GlobalSection(SolutionProperties) = preSolution
		HideSolutionNode = FALSE
	EndGlobalSection
EndGlobal
